{
  "nodes": {
    "home-manager": {
      "inputs": {
        "nixpkgs": [
          "nixpkgs"
        ]
      },
      "locked": {
        "lastModified": 1789867870,
        "narHash": "sha256-sOag/7DTqw4tXLI7UxjrZxPGV+dlTe6zFtJn0VSkgFM=",
        "owner": "nix-community",
        "repo": "home-manager",
        "rev": "d2a22a3659a6ae99847ea9176114f6957b8ac62e",
        "type": "github"
      },
      "original": {
        "owner": "nix-community",
        "repo": "home-manager",
        "type": "github"
      }
    },
    "nixpkgs": {
      "locked": {
        "lastModified": 1789785513,
        "narHash": "sha256-B44WL6h0XoLjJ41bUPJk0X5SDinLCII//6EcBLXKiJ0=",
        "owner": "nixos",
        "repo": "nixpkgs",
        "rev": "20b1ddd1aa5ace70c9468305030aa4f9ef79671b",
        "type": "github"
      },
      "original": {
        "owner": "nixos",
        "ref": "nixos-unstable",
        "repo": "nixpkgs",
        "type": "github"
      }
    },
    "noctalia": {
      "inputs": {
        "nixpkgs": [
          "nixpkgs"
        ]
      },
      "locked": {
        "lastModified": 1789865185,
        "narHash": "sha256-MPnf+5IcbsxdoIcUKJuX638r4vf8feaCanX86pon9qI=",
        "owner": "noctalia-dev",
        "repo": "noctalia",
        "rev": "170845e62c03f4a07cb4ae47d1d8d1a9435b5ff9",
        "type": "github"
      },
      "original": {
        "owner": "noctalia-dev",
        "repo": "noctalia",
        "type": "github"
      }
    },
    "root": {
      "inputs": {
        "home-manager": "home-manager",
        "nixpkgs": "nixpkgs",
        "noctalia": "noctalia"
      }
    }
  },
  "root": "root",
  "version": 7
}
